
Microsoft Visual Studio Solution File, Format Version 12.00
# Visual Studio Version 16
VisualStudioVersion = 16.0.31729.503
MinimumVisualStudioVersion = 10.0.40219.1
Project("{FAE04EC0-301F-11D3-BF4B-00C04F79EFBC}") = "WindowsFormsApp1", "WindowsFormsApp1\WindowsFormsApp1.csproj", "{B33A9E2F-3B22-43C6-894B-7D20E903ED1C}"
EndProject
Global
	GlobalSection(SolutionConfigurationPlatforms) = preSolution
		Debug|Any CPU = Debug|Any CPU
		Release|Any CPU = Release|Any CPU
	EndGlobalSection
	GlobalSection(ProjectConfigurationPlatforms) = postSolution
		{B33A9E2F-3B22-43C6-894B-7D20E903ED1C}.Debug|Any CPU.ActiveCfg = Debug|Any CPU
		{B33A9E2F-3B22-43C6-894B-7D20E903ED1C}.Debug|Any CPU.Build.0 = Debug|Any CPU
		{B33A9E2F-3B22-43C6-894B-7D20E903ED1C}.Release|Any CPU.ActiveCfg = Release|Any CPU
		{B33A9E2F-3B22-43C6-894B-7D20E903ED1C}.Release|Any CPU.Build.0 = Release|Any CPU
	EndGlobalSection
	GlobalSection(SolutionProperties) = preSolution
		HideSolutionNode = FALSE
	EndGlobalSection
	GlobalSection(ExtensibilityGlobals) = postSolution
		SolutionGuid = {B601A8AA-C5BE-4B06-94ED-997EAE5B19D1}
	EndGlobalSection
EndGlobal
